
Microsoft Visual Studio Solution File, Format Version 12.00
# Visual Studio Version 16
VisualStudioVersion = 16.0.31019.35
MinimumVisualStudioVersion = 10.0.40219.1
Project("{FAE04EC0-301F-11D3-BF4B-00C04F79EFBC}") = "wuac", "wuac\wuac.csproj", "{662A886D-6DA2-4BF7-B6EC-281946054B53}"
EndProject
Global
	GlobalSection(SolutionConfigurationPlatforms) = preSolution
		Debug|Any CPU = Debug|Any CPU
		Release|Any CPU = Release|Any CPU
	EndGlobalSection
	GlobalSection(ProjectConfigurationPlatforms) = postSolution
		{662A886D-6DA2-4BF7-B6EC-281946054B53}.Debug|Any CPU.ActiveCfg = Debug|Any CPU
		{662A886D-6DA2-4BF7-B6EC-281946054B53}.Debug|Any CPU.Build.0 = Debug|Any CPU
		{662A886D-6DA2-4BF7-B6EC-281946054B53}.Release|Any CPU.ActiveCfg = Release|Any CPU
		{662A886D-6DA2-4BF7-B6EC-281946054B53}.Release|Any CPU.Build.0 = Release|Any CPU
	EndGlobalSection
	GlobalSection(SolutionProperties) = preSolution
		HideSolutionNode = FALSE
	EndGlobalSection
	GlobalSection(ExtensibilityGlobals) = postSolution
		SolutionGuid = {0E03546D-9698-4919-AC4C-DF1A76EDD634}
	EndGlobalSection
EndGlobal
